
Microsoft Visual Studio Solution File, Format Version 12.00
# Visual Studio Version 17
VisualStudioVersion = 17.3.32825.248
MinimumVisualStudioVersion = 10.0.40219.1
Project("{FAE04EC0-301F-11D3-BF4B-00C04F79EFBC}") = "hotel", "hotel.csproj", "{490672DF-B8AE-46B2-A51F-3F074643D356}"
EndProject
Global
	GlobalSection(SolutionConfigurationPlatforms) = preSolution
		Debug|Any CPU = Debug|Any CPU
		Release|Any CPU = Release|Any CPU
	EndGlobalSection
	GlobalSection(ProjectConfigurationPlatforms) = postSolution
		{490672DF-B8AE-46B2-A51F-3F074643D356}.Debug|Any CPU.ActiveCfg = Debug|Any CPU
		{490672DF-B8AE-46B2-A51F-3F074643D356}.Debug|Any CPU.Build.0 = Debug|Any CPU
		{490672DF-B8AE-46B2-A51F-3F074643D356}.Release|Any CPU.ActiveCfg = Release|Any CPU
		{490672DF-B8AE-46B2-A51F-3F074643D356}.Release|Any CPU.Build.0 = Release|Any CPU
	EndGlobalSection
	GlobalSection(SolutionProperties) = preSolution
		HideSolutionNode = FALSE
	EndGlobalSection
	GlobalSection(ExtensibilityGlobals) = postSolution
		SolutionGuid = {66EA6097-3D49-4EF4-9C30-D18EE85515CA}
	EndGlobalSection
EndGlobal
