
Microsoft Visual Studio Solution File, Format Version 12.00
# Visual Studio Version 17
VisualStudioVersion = 17.3.32825.248
MinimumVisualStudioVersion = 10.0.40219.1
Project("{FAE04EC0-301F-11D3-BF4B-00C04F79EFBC}") = "nasledovanie", "nasledovanie.csproj", "{3841B1A6-1E33-4B18-A190-E4433C548911}"
EndProject
Global
	GlobalSection(SolutionConfigurationPlatforms) = preSolution
		Debug|Any CPU = Debug|Any CPU
		Release|Any CPU = Release|Any CPU
	EndGlobalSection
	GlobalSection(ProjectConfigurationPlatforms) = postSolution
		{3841B1A6-1E33-4B18-A190-E4433C548911}.Debug|Any CPU.ActiveCfg = Debug|Any CPU
		{3841B1A6-1E33-4B18-A190-E4433C548911}.Debug|Any CPU.Build.0 = Debug|Any CPU
		{3841B1A6-1E33-4B18-A190-E4433C548911}.Release|Any CPU.ActiveCfg = Release|Any CPU
		{3841B1A6-1E33-4B18-A190-E4433C548911}.Release|Any CPU.Build.0 = Release|Any CPU
	EndGlobalSection
	GlobalSection(SolutionProperties) = preSolution
		HideSolutionNode = FALSE
	EndGlobalSection
	GlobalSection(ExtensibilityGlobals) = postSolution
		SolutionGuid = {5D9F9B13-163E-4EB9-B21B-7890EDF4F624}
	EndGlobalSection
EndGlobal
